
Microsoft Visual Studio Solution File, Format Version 12.00
# Visual Studio Version 17
VisualStudioVersion = 17.5.2.0
MinimumVisualStudioVersion = 10.0.40219.1
Project("{FAE04EC0-301F-11D3-BF4B-00C04F79EFBC}") = "HelloWorld", "HelloWorld\HelloWorld.csproj", "{3A798C92-DA22-B784-11D5-249F2DEA19E6}"
EndProject
Project("{FAE04EC0-301F-11D3-BF4B-00C04F79EFBC}") = "Bank", "Bank\Bank.csproj", "{70D41931-194E-458A-ACC4-F79476D4212C}"
EndProject
Project("{FAE04EC0-301F-11D3-BF4B-00C04F79EFBC}") = "BankApp", "BankApp\BankApp.csproj", "{D13305BA-537B-4518-A161-35DF8A9DE1E7}"
EndProject
Project("{FAE04EC0-301F-11D3-BF4B-00C04F79EFBC}") = "Bank.Tests", "Bank.Tests\Bank.Tests.csproj", "{FB1E2DD2-E810-4591-88B9-115AD7DAD64D}"
EndProject
Global
	GlobalSection(SolutionConfigurationPlatforms) = preSolution
		Debug|Any CPU = Debug|Any CPU
		Debug|x64 = Debug|x64
		Debug|x86 = Debug|x86
		Release|Any CPU = Release|Any CPU
		Release|x64 = Release|x64
		Release|x86 = Release|x86
	EndGlobalSection
	GlobalSection(ProjectConfigurationPlatforms) = postSolution
		{3A798C92-DA22-B784-11D5-249F2DEA19E6}.Debug|Any CPU.ActiveCfg = Debug|Any CPU
		{3A798C92-DA22-B784-11D5-249F2DEA19E6}.Debug|Any CPU.Build.0 = Debug|Any CPU
		{3A798C92-DA22-B784-11D5-249F2DEA19E6}.Debug|x64.ActiveCfg = Debug|Any CPU
		{3A798C92-DA22-B784-11D5-249F2DEA19E6}.Debug|x64.Build.0 = Debug|Any CPU
		{3A798C92-DA22-B784-11D5-249F2DEA19E6}.Debug|x86.ActiveCfg = Debug|Any CPU
		{3A798C92-DA22-B784-11D5-249F2DEA19E6}.Debug|x86.Build.0 = Debug|Any CPU
		{3A798C92-DA22-B784-11D5-249F2DEA19E6}.Release|Any CPU.ActiveCfg = Release|Any CPU
		{3A798C92-DA22-B784-11D5-249F2DEA19E6}.Release|Any CPU.Build.0 = Release|Any CPU
		{3A798C92-DA22-B784-11D5-249F2DEA19E6}.Release|x64.ActiveCfg = Release|Any CPU
		{3A798C92-DA22-B784-11D5-249F2DEA19E6}.Release|x64.Build.0 = Release|Any CPU
		{3A798C92-DA22-B784-11D5-249F2DEA19E6}.Release|x86.ActiveCfg = Release|Any CPU
		{3A798C92-DA22-B784-11D5-249F2DEA19E6}.Release|x86.Build.0 = Release|Any CPU
		{70D41931-194E-458A-ACC4-F79476D4212C}.Debug|Any CPU.ActiveCfg = Debug|Any CPU
		{70D41931-194E-458A-ACC4-F79476D4212C}.Debug|Any CPU.Build.0 = Debug|Any CPU
		{70D41931-194E-458A-ACC4-F79476D4212C}.Debug|x64.ActiveCfg = Debug|Any CPU
		{70D41931-194E-458A-ACC4-F79476D4212C}.Debug|x64.Build.0 = Debug|Any CPU
		{70D41931-194E-458A-ACC4-F79476D4212C}.Debug|x86.ActiveCfg = Debug|Any CPU
		{70D41931-194E-458A-ACC4-F79476D4212C}.Debug|x86.Build.0 = Debug|Any CPU
		{70D41931-194E-458A-ACC4-F79476D4212C}.Release|Any CPU.ActiveCfg = Release|Any CPU
		{70D41931-194E-458A-ACC4-F79476D4212C}.Release|Any CPU.Build.0 = Release|Any CPU
		{70D41931-194E-458A-ACC4-F79476D4212C}.Release|x64.ActiveCfg = Release|Any CPU
		{70D41931-194E-458A-ACC4-F79476D4212C}.Release|x64.Build.0 = Release|Any CPU
		{70D41931-194E-458A-ACC4-F79476D4212C}.Release|x86.ActiveCfg = Release|Any CPU
		{70D41931-194E-458A-ACC4-F79476D4212C}.Release|x86.Build.0 = Release|Any CPU
		{D13305BA-537B-4518-A161-35DF8A9DE1E7}.Debug|Any CPU.ActiveCfg = Debug|Any CPU
		{D13305BA-537B-4518-A161-35DF8A9DE1E7}.Debug|Any CPU.Build.0 = Debug|Any CPU
		{D13305BA-537B-4518-A161-35DF8A9DE1E7}.Debug|x64.ActiveCfg = Debug|Any CPU
		{D13305BA-537B-4518-A161-35DF8A9DE1E7}.Debug|x64.Build.0 = Debug|Any CPU
		{D13305BA-537B-4518-A161-35DF8A9DE1E7}.Debug|x86.ActiveCfg = Debug|Any CPU
		{D13305BA-537B-4518-A161-35DF8A9DE1E7}.Debug|x86.Build.0 = Debug|Any CPU
		{D13305BA-537B-4518-A161-35DF8A9DE1E7}.Release|Any CPU.ActiveCfg = Release|Any CPU
		{D13305BA-537B-4518-A161-35DF8A9DE1E7}.Release|Any CPU.Build.0 = Release|Any CPU
		{D13305BA-537B-4518-A161-35DF8A9DE1E7}.Release|x64.ActiveCfg = Release|Any CPU
		{D13305BA-537B-4518-A161-35DF8A9DE1E7}.Release|x64.Build.0 = Release|Any CPU
		{D13305BA-537B-4518-A161-35DF8A9DE1E7}.Release|x86.ActiveCfg = Release|Any CPU
		{D13305BA-537B-4518-A161-35DF8A9DE1E7}.Release|x86.Build.0 = Release|Any CPU
		{FB1E2DD2-E810-4591-88B9-115AD7DAD64D}.Debug|Any CPU.ActiveCfg = Debug|Any CPU
		{FB1E2DD2-E810-4591-88B9-115AD7DAD64D}.Debug|Any CPU.Build.0 = Debug|Any CPU
		{FB1E2DD2-E810-4591-88B9-115AD7DAD64D}.Debug|x64.ActiveCfg = Debug|Any CPU
		{FB1E2DD2-E810-4591-88B9-115AD7DAD64D}.Debug|x64.Build.0 = Debug|Any CPU
		{FB1E2DD2-E810-4591-88B9-115AD7DAD64D}.Debug|x86.ActiveCfg = Debug|Any CPU
		{FB1E2DD2-E810-4591-88B9-115AD7DAD64D}.Debug|x86.Build.0 = Debug|Any CPU
		{FB1E2DD2-E810-4591-88B9-115AD7DAD64D}.Release|Any CPU.ActiveCfg = Release|Any CPU
		{FB1E2DD2-E810-4591-88B9-115AD7DAD64D}.Release|Any CPU.Build.0 = Release|Any CPU
		{FB1E2DD2-E810-4591-88B9-115AD7DAD64D}.Release|x64.ActiveCfg = Release|Any CPU
		{FB1E2DD2-E810-4591-88B9-115AD7DAD64D}.Release|x64.Build.0 = Release|Any CPU
		{FB1E2DD2-E810-4591-88B9-115AD7DAD64D}.Release|x86.ActiveCfg = Release|Any CPU
		{FB1E2DD2-E810-4591-88B9-115AD7DAD64D}.Release|x86.Build.0 = Release|Any CPU
	EndGlobalSection
	GlobalSection(SolutionProperties) = preSolution
		HideSolutionNode = FALSE
	EndGlobalSection
	GlobalSection(ExtensibilityGlobals) = postSolution
		SolutionGuid = {73DF446F-23F6-49FE-9AA4-C5C42769BD42}
	EndGlobalSection
EndGlobal
